schema: '2.0'
stages:
  full_pipeline:
    cmd: python main.py
    deps:
    - path: config
      hash: md5
      md5: 368ff597dc3ca6d1b86583b16e49f67a.dir
      size: 2667
      nfiles: 8
    - path: main.py
      hash: md5
      md5: 041bde5f06c8504f2987784cea51f2f1
      size: 1450
    - path: src
      hash: md5
      md5: 97e42ff249c3741cec56e7825af9b7e1.dir
      size: 81069
      nfiles: 12
    outs:
    - path: artifacts/models/finetune_models
      hash: md5
      md5: 59363e2f5554f06e8a42b7e2b1216ff3.dir
      size: 89594942
      nfiles: 2
    - path: artifacts/models/overallbest_model
      hash: md5
      md5: 0514dcf9c0e9e688b59a3c228f8bedcd.dir
      size: 44796840
      nfiles: 1
    - path: artifacts/models/warmup_models
      hash: md5
      md5: 900817a07187c71e9142fdea8f43d91e.dir
      size: 44797092
      nfiles: 1
    - path: artifacts/processed
      hash: md5
      md5: 6cc3729ff6e83a017aff77fe30799d9e.dir
      size: 124868647
      nfiles: 517
    - path: artifacts/raw
      hash: md5
      md5: d751713988987e9331980363e24189ce.dir
      size: 0
      nfiles: 0
